{
  "nodes": {
    "nixpkgs": {
      "locked": {
        "lastModified": 1637595801,
        "narHash": "sha256-LkIMwVFKCuEqidaUdg8uxwpESAXjsPo4oCz3eJ7RaRw=",
        "owner": "NixOS",
        "repo": "nixpkgs",
        "rev": "263ef4cc4146c9fab808085487438c625d4426a9",
        "type": "github"
      },
      "original": {
        "owner": "NixOS",
        "ref": "nixos-unstable",
        "repo": "nixpkgs",
        "type": "github"
      }
    },
    "root": {
      "inputs": {
        "nixpkgs": "nixpkgs",
        "utils": "utils"
      }
    },
    "utils": {
      "locked": {
        "lastModified": 1624650440,
        "narHash": "sha256-yHci698D8cccMNenKhGnJ6s7X5QhfOzXqpNeQW7Fgik=",
        "owner": "rmourey26",
        "repo": "flake-utils",
        "rev": "c0e246b9b83f637f4681389ecabcb2681b4f3af0",
        "type": "github"
      },
      "original": {
        "owner": "rmourey26",
        "repo": "flake-utils",
        "type": "github"
      }
    }
  },
  "root": "root",
  "version": 7
}
